
Microsoft Visual Studio Solution File, Format Version 12.00
Project("{FAE04EC0-301F-11D3-BF4B-00C04F79EFBC}") = "Computer.Apps.ToDoList.Integration", "Computer.Apps.ToDoList.Integration\Computer.Apps.ToDoList.Integration.csproj", "{8FAC44FA-6FC1-4068-B040-71712E368D64}"
EndProject
Global
	GlobalSection(SolutionConfigurationPlatforms) = preSolution
		Debug|Any CPU = Debug|Any CPU
		Release|Any CPU = Release|Any CPU
	EndGlobalSection
	GlobalSection(ProjectConfigurationPlatforms) = postSolution
		{8FAC44FA-6FC1-4068-B040-71712E368D64}.Debug|Any CPU.ActiveCfg = Debug|Any CPU
		{8FAC44FA-6FC1-4068-B040-71712E368D64}.Debug|Any CPU.Build.0 = Debug|Any CPU
		{8FAC44FA-6FC1-4068-B040-71712E368D64}.Release|Any CPU.ActiveCfg = Release|Any CPU
		{8FAC44FA-6FC1-4068-B040-71712E368D64}.Release|Any CPU.Build.0 = Release|Any CPU
	EndGlobalSection
EndGlobal
